{
    "_readme": [
        "This file locks the dependencies of your project to a known state",
        "Read more about it at https://getcomposer.org/doc/01-basic-usage.md#installing-dependencies",
        "This file is @generated automatically"
    ],
    "content-hash": "87a7e32a42d0e204795830a14123f93a",
    "packages": [
        {
            "name": "composer/installers",
            "version": "v2.3.0",
            "source": {
                "type": "git",
                "url": "https://github.com/composer/installers.git",
                "reference": "12fb2dfe5e16183de69e784a7b84046c43d97e8e"
            },
            "dist": {
                "type": "zip",
                "url": "https://api.github.com/repos/composer/installers/zipball/12fb2dfe5e16183de69e784a7b84046c43d97e8e",
                "reference": "12fb2dfe5e16183de69e784a7b84046c43d97e8e",
                "shasum": ""
            },
            "require": {
                "composer-plugin-api": "^1.0 || ^2.0",
                "php": "^7.2 || ^8.0"
            },
            "require-dev": {
                "composer/composer": "^1.10.27 || ^2.7",
                "composer/semver": "^1.7.2 || ^3.4.0",
                "phpstan/phpstan": "^1.11",
                "phpstan/phpstan-phpunit": "^1",
                "symfony/phpunit-bridge": "^7.1.1",
                "symfony/process": "^5 || ^6 || ^7"
            },
            "type": "composer-plugin",
            "extra": {
                "class": "Composer\\Installers\\Plugin",
                "branch-alias": {
                    "dev-main": "2.x-dev"
                },
                "plugin-modifies-install-path": true
            },
            "autoload": {
                "psr-4": {
                    "Composer\\Installers\\": "src/Composer/Installers"
                }
            },
            "notification-url": "https://packagist.org/downloads/",
            "license": [
                "MIT"
            ],
            "authors": [
                {
                    "name": "Kyle Robinson Young",
                    "email": "kyle@dontkry.com",
                    "homepage": "https://github.com/shama"
                }
            ],
            "description": "A multi-framework Composer library installer",
            "homepage": "https://composer.github.io/installers/",
            "keywords": [
                "Dolibarr",
                "Eliasis",
                "Hurad",
                "ImageCMS",
                "Kanboard",
                "Lan Management System",
                "MODX Evo",
                "MantisBT",
                "Mautic",
                "Maya",
                "OXID",
                "Plentymarkets",
                "Porto",
                "RadPHP",
                "SMF",
                "Starbug",
                "Thelia",
                "Whmcs",
                "WolfCMS",
                "agl",
                "annotatecms",
                "attogram",
                "bitrix",
                "cakephp",
                "chef",
                "cockpit",
                "codeigniter",
                "concrete5",
                "concreteCMS",
                "croogo",
                "dokuwiki",
                "drupal",
                "eZ Platform",
                "elgg",
                "expressionengine",
                "fuelphp",
                "grav",
                "installer",
                "itop",
                "known",
                "kohana",
                "laravel",
                "lavalite",
                "lithium",
                "magento",
                "majima",
                "mako",
                "matomo",
                "mediawiki",
                "miaoxing",
                "modulework",
                "modx",
                "moodle",
                "osclass",
                "pantheon",
                "phpbb",
                "piwik",
                "ppi",
                "processwire",
                "puppet",
                "pxcms",
                "reindex",
                "roundcube",
                "shopware",
                "silverstripe",
                "sydes",
                "sylius",
                "tastyigniter",
                "wordpress",
                "yawik",
                "zend",
                "zikula"
            ],
            "support": {
                "issues": "https://github.com/composer/installers/issues",
                "source": "https://github.com/composer/installers/tree/v2.3.0"
            },
            "funding": [
                {
                    "url": "https://packagist.com",
                    "type": "custom"
                },
                {
                    "url": "https://github.com/composer",
                    "type": "github"
                },
                {
                    "url": "https://tidelift.com/funding/github/packagist/composer/composer",
                    "type": "tidelift"
                }
            ],
            "time": "2024-06-24T20:46:46+00:00"
        },
        {
            "name": "illuminate/collections",
            "version": "v8.83.27",
            "source": {
                "type": "git",
                "url": "https://github.com/illuminate/collections.git",
                "reference": "705a4e1ef93cd492c45b9b3e7911cccc990a07f4"
            },
            "dist": {
                "type": "zip",
                "url": "https://api.github.com/repos/illuminate/collections/zipball/705a4e1ef93cd492c45b9b3e7911cccc990a07f4",
                "reference": "705a4e1ef93cd492c45b9b3e7911cccc990a07f4",
                "shasum": ""
            },
            "require": {
                "illuminate/contracts": "^8.0",
                "illuminate/macroable": "^8.0",
                "php": "^7.3|^8.0"
            },
            "suggest": {
                "symfony/var-dumper": "Required to use the dump method (^5.4)."
            },
            "type": "library",
            "extra": {
                "branch-alias": {
                    "dev-master": "8.x-dev"
                }
            },
            "autoload": {
                "files": [
                    "helpers.php"
                ],
                "psr-4": {
                    "Illuminate\\Support\\": ""
                }
            },
            "notification-url": "https://packagist.org/downloads/",
            "license": [
                "MIT"
            ],
            "authors": [
                {
                    "name": "Taylor Otwell",
                    "email": "taylor@laravel.com"
                }
            ],
            "description": "The Illuminate Collections package.",
            "homepage": "https://laravel.com",
            "support": {
                "issues": "https://github.com/laravel/framework/issues",
                "source": "https://github.com/laravel/framework"
            },
            "time": "2022-06-23T15:29:49+00:00"
        },
        {
            "name": "illuminate/contracts",
            "version": "v8.83.27",
            "source": {
                "type": "git",
                "url": "https://github.com/illuminate/contracts.git",
                "reference": "5e0fd287a1b22a6b346a9f7cd484d8cf0234585d"
            },
            "dist": {
                "type": "zip",
                "url": "https://api.github.com/repos/illuminate/contracts/zipball/5e0fd287a1b22a6b346a9f7cd484d8cf0234585d",
                "reference": "5e0fd287a1b22a6b346a9f7cd484d8cf0234585d",
                "shasum": ""
            },
            "require": {
                "php": "^7.3|^8.0",
                "psr/container": "^1.0",
                "psr/simple-cache": "^1.0"
            },
            "type": "library",
            "extra": {
                "branch-alias": {
                    "dev-master": "8.x-dev"
                }
            },
            "autoload": {
                "psr-4": {
                    "Illuminate\\Contracts\\": ""
                }
            },
            "notification-url": "https://packagist.org/downloads/",
            "license": [
                "MIT"
            ],
            "authors": [
                {
                    "name": "Taylor Otwell",
                    "email": "taylor@laravel.com"
                }
            ],
            "description": "The Illuminate Contracts package.",
            "homepage": "https://laravel.com",
            "support": {
                "issues": "https://github.com/laravel/framework/issues",
                "source": "https://github.com/laravel/framework"
            },
            "time": "2022-01-13T14:47:47+00:00"
        },
        {
            "name": "illuminate/macroable",
            "version": "v8.83.27",
            "source": {
                "type": "git",
                "url": "https://github.com/illuminate/macroable.git",
                "reference": "aed81891a6e046fdee72edd497f822190f61c162"
            },
            "dist": {
                "type": "zip",
                "url": "https://api.github.com/repos/illuminate/macroable/zipball/aed81891a6e046fdee72edd497f822190f61c162",
                "reference": "aed81891a6e046fdee72edd497f822190f61c162",
                "shasum": ""
            },
            "require": {
                "php": "^7.3|^8.0"
            },
            "type": "library",
            "extra": {
                "branch-alias": {
                    "dev-master": "8.x-dev"
                }
            },
            "autoload": {
                "psr-4": {
                    "Illuminate\\Support\\": ""
                }
            },
            "notification-url": "https://packagist.org/downloads/",
            "license": [
                "MIT"
            ],
            "authors": [
                {
                    "name": "Taylor Otwell",
                    "email": "taylor@laravel.com"
                }
            ],
            "description": "The Illuminate Macroable package.",
            "homepage": "https://laravel.com",
            "support": {
                "issues": "https://github.com/laravel/framework/issues",
                "source": "https://github.com/laravel/framework"
            },
            "time": "2021-11-16T13:57:03+00:00"
        },
        {
            "name": "psr/container",
            "version": "1.1.2",
            "source": {
                "type": "git",
                "url": "https://github.com/php-fig/container.git",
                "reference": "513e0666f7216c7459170d56df27dfcefe1689ea"
            },
            "dist": {
                "type": "zip",
                "url": "https://api.github.com/repos/php-fig/container/zipball/513e0666f7216c7459170d56df27dfcefe1689ea",
                "reference": "513e0666f7216c7459170d56df27dfcefe1689ea",
                "shasum": ""
            },
            "require": {
                "php": ">=7.4.0"
            },
            "type": "library",
            "autoload": {
                "psr-4": {
                    "Psr\\Container\\": "src/"
                }
            },
            "notification-url": "https://packagist.org/downloads/",
            "license": [
                "MIT"
            ],
            "authors": [
                {
                    "name": "PHP-FIG",
                    "homepage": "https://www.php-fig.org/"
                }
            ],
            "description": "Common Container Interface (PHP FIG PSR-11)",
            "homepage": "https://github.com/php-fig/container",
            "keywords": [
                "PSR-11",
                "container",
                "container-interface",
                "container-interop",
                "psr"
            ],
            "support": {
                "issues": "https://github.com/php-fig/container/issues",
                "source": "https://github.com/php-fig/container/tree/1.1.2"
            },
            "time": "2021-11-05T16:50:12+00:00"
        },
        {
            "name": "psr/simple-cache",
            "version": "1.0.1",
            "source": {
                "type": "git",
                "url": "https://github.com/php-fig/simple-cache.git",
                "reference": "408d5eafb83c57f6365a3ca330ff23aa4a5fa39b"
            },
            "dist": {
                "type": "zip",
                "url": "https://api.github.com/repos/php-fig/simple-cache/zipball/408d5eafb83c57f6365a3ca330ff23aa4a5fa39b",
                "reference": "408d5eafb83c57f6365a3ca330ff23aa4a5fa39b",
                "shasum": ""
            },
            "require": {
                "php": ">=5.3.0"
            },
            "type": "library",
            "extra": {
                "branch-alias": {
                    "dev-master": "1.0.x-dev"
                }
            },
            "autoload": {
                "psr-4": {
                    "Psr\\SimpleCache\\": "src/"
                }
            },
            "notification-url": "https://packagist.org/downloads/",
            "license": [
                "MIT"
            ],
            "authors": [
                {
                    "name": "PHP-FIG",
                    "homepage": "http://www.php-fig.org/"
                }
            ],
            "description": "Common interfaces for simple caching",
            "keywords": [
                "cache",
                "caching",
                "psr",
                "psr-16",
                "simple-cache"
            ],
            "support": {
                "source": "https://github.com/php-fig/simple-cache/tree/master"
            },
            "time": "2017-10-23T01:57:42+00:00"
        },
        {
            "name": "wpengine/advanced-custom-fields-pro",
            "version": "6.5.1",
            "dist": {
                "type": "zip",
                "url": "https://connect.advancedcustomfields.com/v2/plugins/composer_download?s=composer&p=pro&t=6.5.1"
            },
            "require": {
                "composer/installers": "~1.0 || ~2.0"
            },
            "replace": {
                "wpackagist-plugin/advanced-custom-fields": "self.version",
                "wpengine/advanced-custom-fields": "self.version"
            },
            "type": "wordpress-plugin"
        }
    ],
    "packages-dev": [
        {
            "name": "roots/wordpress",
            "version": "6.8.2",
            "source": {
                "type": "git",
                "url": "https://github.com/roots/wordpress.git",
                "reference": "29e4eb49b2f4c591e39d4eb6705a27cf1ea40e45"
            },
            "dist": {
                "type": "zip",
                "url": "https://api.github.com/repos/roots/wordpress/zipball/29e4eb49b2f4c591e39d4eb6705a27cf1ea40e45",
                "reference": "29e4eb49b2f4c591e39d4eb6705a27cf1ea40e45",
                "shasum": ""
            },
            "require": {
                "roots/wordpress-core-installer": "^3.0",
                "roots/wordpress-no-content": "self.version"
            },
            "type": "metapackage",
            "notification-url": "https://packagist.org/downloads/",
            "license": [
                "MIT",
                "GPL-2.0-or-later"
            ],
            "description": "WordPress is open source software you can use to create a beautiful website, blog, or app.",
            "homepage": "https://wordpress.org/",
            "keywords": [
                "blog",
                "cms",
                "wordpress"
            ],
            "support": {
                "issues": "https://github.com/roots/wordpress/issues",
                "source": "https://github.com/roots/wordpress/tree/6.8.2"
            },
            "funding": [
                {
                    "url": "https://github.com/roots",
                    "type": "github"
                }
            ],
            "time": "2025-05-23T18:54:22+00:00"
        },
        {
            "name": "roots/wordpress-core-installer",
            "version": "3.0.0",
            "source": {
                "type": "git",
                "url": "https://github.com/roots/wordpress-core-installer.git",
                "reference": "714d2e2a9e523f6e7bde4810d5a04aedf0ec217f"
            },
            "dist": {
                "type": "zip",
                "url": "https://api.github.com/repos/roots/wordpress-core-installer/zipball/714d2e2a9e523f6e7bde4810d5a04aedf0ec217f",
                "reference": "714d2e2a9e523f6e7bde4810d5a04aedf0ec217f",
                "shasum": ""
            },
            "require": {
                "composer-plugin-api": "^1.0 || ^2.0",
                "php": ">=7.2.24"
            },
            "conflict": {
                "composer/installers": "<1.0.6"
            },
            "replace": {
                "johnpbloch/wordpress-core-installer": "*"
            },
            "require-dev": {
                "composer/composer": "^1.0 || ^2.0",
                "phpunit/phpunit": "^8.5"
            },
            "type": "composer-plugin",
            "extra": {
                "class": "Roots\\Composer\\WordPressCorePlugin"
            },
            "autoload": {
                "psr-4": {
                    "Roots\\Composer\\": "src/"
                }
            },
            "notification-url": "https://packagist.org/downloads/",
            "license": [
                "GPL-2.0-or-later"
            ],
            "authors": [
                {
                    "name": "John P. Bloch",
                    "email": "me@johnpbloch.com"
                },
                {
                    "name": "Roots",
                    "email": "team@roots.io"
                }
            ],
            "description": "A Composer custom installer to handle installing WordPress as a dependency",
            "keywords": [
                "wordpress"
            ],
            "support": {
                "issues": "https://github.com/roots/wordpress-core-installer/issues",
                "source": "https://github.com/roots/wordpress-core-installer/tree/3.0.0"
            },
            "funding": [
                {
                    "url": "https://github.com/roots",
                    "type": "github"
                }
            ],
            "time": "2025-05-23T18:47:25+00:00"
        },
        {
            "name": "roots/wordpress-no-content",
            "version": "6.8.2",
            "source": {
                "type": "git",
                "url": "https://github.com/WordPress/WordPress.git",
                "reference": "6.8.2"
            },
            "dist": {
                "type": "zip",
                "url": "https://downloads.wordpress.org/release/wordpress-6.8.2-no-content.zip",
                "reference": "6.8.2",
                "shasum": "7d8dcb839f4754e331d93b86f9adc8c171d81e97"
            },
            "require": {
                "php": ">= 7.2.24"
            },
            "provide": {
                "wordpress/core-implementation": "6.8.2"
            },
            "suggest": {
                "ext-curl": "Performs remote request operations.",
                "ext-dom": "Used to validate Text Widget content and to automatically configuring IIS7+.",
                "ext-exif": "Works with metadata stored in images.",
                "ext-fileinfo": "Used to detect mimetype of file uploads.",
                "ext-hash": "Used for hashing, including passwords and update packages.",
                "ext-imagick": "Provides better image quality for media uploads.",
                "ext-json": "Used for communications with other servers.",
                "ext-libsodium": "Validates Signatures and provides securely random bytes.",
                "ext-mbstring": "Used to properly handle UTF8 text.",
                "ext-mysqli": "Connects to MySQL for database interactions.",
                "ext-openssl": "Permits SSL-based connections to other hosts.",
                "ext-pcre": "Increases performance of pattern matching in code searches.",
                "ext-xml": "Used for XML parsing, such as from a third-party site.",
                "ext-zip": "Used for decompressing Plugins, Themes, and WordPress update packages."
            },
            "type": "wordpress-core",
            "notification-url": "https://packagist.org/downloads/",
            "license": [
                "GPL-2.0-or-later"
            ],
            "authors": [
                {
                    "name": "WordPress Community",
                    "homepage": "https://wordpress.org/about/"
                }
            ],
            "description": "WordPress is open source software you can use to create a beautiful website, blog, or app.",
            "homepage": "https://wordpress.org/",
            "keywords": [
                "blog",
                "cms",
                "wordpress"
            ],
            "support": {
                "docs": "https://developer.wordpress.org/",
                "forum": "https://wordpress.org/support/",
                "irc": "irc://irc.freenode.net/wordpress",
                "issues": "https://core.trac.wordpress.org/",
                "rss": "https://wordpress.org/news/feed/",
                "source": "https://core.trac.wordpress.org/browser",
                "wiki": "https://codex.wordpress.org/"
            },
            "funding": [
                {
                    "url": "https://wordpressfoundation.org/donate/",
                    "type": "other"
                }
            ],
            "time": "2025-07-15T15:29:08+00:00"
        }
    ],
    "aliases": [],
    "minimum-stability": "stable",
    "stability-flags": {},
    "prefer-stable": false,
    "prefer-lowest": false,
    "platform": {
        "php": ">=7.4.0"
    },
    "platform-dev": {},
    "platform-overrides": {
        "php": "7.4.33"
    },
    "plugin-api-version": "2.6.0"
}
